
Microsoft Visual Studio Solution File, Format Version 12.00
# Visual Studio 2012
Project("{FAE04EC0-301F-11D3-BF4B-00C04F79EFBC}") = "MundiPagg.Blog.WebUI", "MundiPagg.Blog.WebUI\MundiPagg.Blog.WebUI.csproj", "{1D2E8741-7CFB-4B38-9B80-EF876279ECC4}"
EndProject
Project("{FAE04EC0-301F-11D3-BF4B-00C04F79EFBC}") = "MundiPagg.Blog.UnitTests", "MundiPagg.Blog.UnitTests\MundiPagg.Blog.UnitTests.csproj", "{B353924A-1134-414C-8E21-C0796FF7ABB6}"
EndProject
Project("{FAE04EC0-301F-11D3-BF4B-00C04F79EFBC}") = "MundiPagg.Blog.Domain", "MundiPagg.Blog.Domain\MundiPagg.Blog.Domain.csproj", "{8704DA0E-E411-469C-9EE9-72F5AF944817}"
EndProject
Project("{FAE04EC0-301F-11D3-BF4B-00C04F79EFBC}") = "MundiPagg.Blog.Repository", "MundiPagg.Blog.Repository\MundiPagg.Blog.Repository.csproj", "{F5FB5B88-060A-471F-94ED-C76F5111C735}"
EndProject
Project("{FAE04EC0-301F-11D3-BF4B-00C04F79EFBC}") = "MundiPagg.Blog.Service", "MundiPagg.Blog.Service\MundiPagg.Blog.Service.csproj", "{F8F88DC1-DCEF-418C-89DC-5F47A961474A}"
EndProject
Global
	GlobalSection(SolutionConfigurationPlatforms) = preSolution
		Debug|Any CPU = Debug|Any CPU
		Release|Any CPU = Release|Any CPU
	EndGlobalSection
	GlobalSection(ProjectConfigurationPlatforms) = postSolution
		{1D2E8741-7CFB-4B38-9B80-EF876279ECC4}.Debug|Any CPU.ActiveCfg = Debug|Any CPU
		{1D2E8741-7CFB-4B38-9B80-EF876279ECC4}.Debug|Any CPU.Build.0 = Debug|Any CPU
		{1D2E8741-7CFB-4B38-9B80-EF876279ECC4}.Release|Any CPU.ActiveCfg = Release|Any CPU
		{1D2E8741-7CFB-4B38-9B80-EF876279ECC4}.Release|Any CPU.Build.0 = Release|Any CPU
		{B353924A-1134-414C-8E21-C0796FF7ABB6}.Debug|Any CPU.ActiveCfg = Debug|Any CPU
		{B353924A-1134-414C-8E21-C0796FF7ABB6}.Debug|Any CPU.Build.0 = Debug|Any CPU
		{B353924A-1134-414C-8E21-C0796FF7ABB6}.Release|Any CPU.ActiveCfg = Release|Any CPU
		{B353924A-1134-414C-8E21-C0796FF7ABB6}.Release|Any CPU.Build.0 = Release|Any CPU
		{8704DA0E-E411-469C-9EE9-72F5AF944817}.Debug|Any CPU.ActiveCfg = Debug|Any CPU
		{8704DA0E-E411-469C-9EE9-72F5AF944817}.Debug|Any CPU.Build.0 = Debug|Any CPU
		{8704DA0E-E411-469C-9EE9-72F5AF944817}.Release|Any CPU.ActiveCfg = Release|Any CPU
		{8704DA0E-E411-469C-9EE9-72F5AF944817}.Release|Any CPU.Build.0 = Release|Any CPU
		{F5FB5B88-060A-471F-94ED-C76F5111C735}.Debug|Any CPU.ActiveCfg = Debug|Any CPU
		{F5FB5B88-060A-471F-94ED-C76F5111C735}.Debug|Any CPU.Build.0 = Debug|Any CPU
		{F5FB5B88-060A-471F-94ED-C76F5111C735}.Release|Any CPU.ActiveCfg = Release|Any CPU
		{F5FB5B88-060A-471F-94ED-C76F5111C735}.Release|Any CPU.Build.0 = Release|Any CPU
		{F8F88DC1-DCEF-418C-89DC-5F47A961474A}.Debug|Any CPU.ActiveCfg = Debug|Any CPU
		{F8F88DC1-DCEF-418C-89DC-5F47A961474A}.Debug|Any CPU.Build.0 = Debug|Any CPU
		{F8F88DC1-DCEF-418C-89DC-5F47A961474A}.Release|Any CPU.ActiveCfg = Release|Any CPU
		{F8F88DC1-DCEF-418C-89DC-5F47A961474A}.Release|Any CPU.Build.0 = Release|Any CPU
	EndGlobalSection
	GlobalSection(SolutionProperties) = preSolution
		HideSolutionNode = FALSE
	EndGlobalSection
EndGlobal
